// !$*UTF8*$!
{
	archiveVersion = 1;
	classes = {
	};
	objectVersion = 77;
	objects = {

/* Begin PBXBuildFile section */
		A64898E82F1E307C0046550E /* DrawingKit in Frameworks */ = {isa = PBXBuildFile; productRef = A64898E72F1E307C0046550E /* DrawingKit */; };
		A68BCA962F3DF39400A13110 /* DrawingKit in Frameworks */ = {isa = PBXBuildFile; productRef = A68BCA952F3DF39400A13110 /* DrawingKit */; };
		A68BCAF22F3DFA1500A13110 /* YamatoAPIKit in Frameworks */ = {isa = PBXBuildFile; productRef = A68BCAF12F3DFA1500A13110 /* YamatoAPIKit */; };
		A68BCAF52F3DFF6500A13110 /* YamatoAppContracts in Frameworks */ = {isa = PBXBuildFile; productRef = A68BCAF42F3DFF6500A13110 /* YamatoAppContracts */; };
		A68BCC2D2F41ACC000A13110 /* YamatoScannerFeature in Frameworks */ = {isa = PBXBuildFile; productRef = A68BCC2C2F41ACC000A13110 /* YamatoScannerFeature */; };
		A68BCD992F42C89E00A13110 /* YamatoAppContracts in Frameworks */ = {isa = PBXBuildFile; productRef = A68BCD982F42C89E00A13110 /* YamatoAppContracts */; };
		A68BCE7C2F43010800A13110 /* YamatoOperationFeature in Frameworks */ = {isa = PBXBuildFile; productRef = A68BCE7B2F43010800A13110 /* YamatoOperationFeature */; };
/* End PBXBuildFile section */

/* Begin PBXFileReference section */
		A64898B82F1E2F620046550E /* ZoomPanDrawingPlaygound.app */ = {isa = PBXFileReference; explicitFileType = wrapper.application; includeInIndex = 0; path = ZoomPanDrawingPlaygound.app; sourceTree = BUILT_PRODUCTS_DIR; };
/* End PBXFileReference section */

/* Begin PBXFileSystemSynchronizedRootGroup section */
		A64898BA2F1E2F620046550E /* ZoomPanDrawingPlaygound */ = {
			isa = PBXFileSystemSynchronizedRootGroup;
			path = ZoomPanDrawingPlaygound;
			sourceTree = "<group>";
		};
/* End PBXFileSystemSynchronizedRootGroup section */

/* Begin PBXFrameworksBuildPhase section */
		A64898B52F1E2F620046550E /* Frameworks */ = {
			isa = PBXFrameworksBuildPhase;
			buildActionMask = 2147483647;
			files = (
				A68BCA962F3DF39400A13110 /* DrawingKit in Frameworks */,
				A64898E82F1E307C0046550E /* DrawingKit in Frameworks */,
				A68BCAF22F3DFA1500A13110 /* YamatoAPIKit in Frameworks */,
				A68BCE7C2F43010800A13110 /* YamatoOperationFeature in Frameworks */,
				A68BCD992F42C89E00A13110 /* YamatoAppContracts in Frameworks */,
				A68BCC2D2F41ACC000A13110 /* YamatoScannerFeature in Frameworks */,
				A68BCAF52F3DFF6500A13110 /* YamatoAppContracts in Frameworks */,
			);
			runOnlyForDeploymentPostprocessing = 0;
		};
/* End PBXFrameworksBuildPhase section */

/* Begin PBXGroup section */
		A64898AF2F1E2F620046550E = {
			isa = PBXGroup;
			children = (
				A64898BA2F1E2F620046550E /* ZoomPanDrawingPlaygound */,
				A64898B92F1E2F620046550E /* Products */,
			);
			sourceTree = "<group>";
		};
		A64898B92F1E2F620046550E /* Products */ = {
			isa = PBXGroup;
			children = (
				A64898B82F1E2F620046550E /* ZoomPanDrawingPlaygound.app */,
			);
			name = Products;
			sourceTree = "<group>";
		};
/* End PBXGroup section */

/* Begin PBXNativeTarget section */
		A64898B72F1E2F620046550E /* ZoomPanDrawingPlaygound */ = {
			isa = PBXNativeTarget;
			buildConfigurationList = A64898C32F1E2F640046550E /* Build configuration list for PBXNativeTarget "ZoomPanDrawingPlaygound" */;
			buildPhases = (
				A64898B42F1E2F620046550E /* Sources */,
				A64898B52F1E2F620046550E /* Frameworks */,
				A64898B62F1E2F620046550E /* Resources */,
			);
			buildRules = (
			);
			dependencies = (
			);
			fileSystemSynchronizedGroups = (
				A64898BA2F1E2F620046550E /* ZoomPanDrawingPlaygound */,
			);
			name = ZoomPanDrawingPlaygound;
			packageProductDependencies = (
				A64898E72F1E307C0046550E /* DrawingKit */,
				A68BCA952F3DF39400A13110 /* DrawingKit */,
				A68BCAF12F3DFA1500A13110 /* YamatoAPIKit */,
				A68BCAF42F3DFF6500A13110 /* YamatoAppContracts */,
				A68BCC2C2F41ACC000A13110 /* YamatoScannerFeature */,
				A68BCD982F42C89E00A13110 /* YamatoAppContracts */,
				A68BCE7B2F43010800A13110 /* YamatoOperationFeature */,
			);
			productName = ZoomPanDrawingPlaygound;
			productReference = A64898B82F1E2F620046550E /* ZoomPanDrawingPlaygound.app */;
			productType = "com.apple.product-type.application";
		};
/* End PBXNativeTarget section */

/* Begin PBXProject section */
		A64898B02F1E2F620046550E /* Project object */ = {
			isa = PBXProject;
			attributes = {
				BuildIndependentTargetsInParallel = 1;
				LastSwiftUpdateCheck = 2620;
				LastUpgradeCheck = 2620;
				TargetAttributes = {
					A64898B72F1E2F620046550E = {
						CreatedOnToolsVersion = 26.2;
					};
				};
			};
			buildConfigurationList = A64898B32F1E2F620046550E /* Build configuration list for PBXProject "ZoomPanDrawingPlaygound" */;
			developmentRegion = en;
			hasScannedForEncodings = 0;
			knownRegions = (
				en,
				Base,
			);
			mainGroup = A64898AF2F1E2F620046550E;
			minimizedProjectReferenceProxies = 1;
			packageReferences = (
				A68BCA942F3DF39400A13110 /* XCLocalSwiftPackageReference "../../../../../Desktop/DrawingKit" */,
				A68BCAF02F3DFA1500A13110 /* XCLocalSwiftPackageReference "../../../../../Desktop/YamatoAPIKit" */,
				A68BCC2B2F41ACC000A13110 /* XCLocalSwiftPackageReference "../../../../../Desktop/YamatoScannerFeature" */,
				A68BCD972F42C89E00A13110 /* XCLocalSwiftPackageReference "../../../../../Desktop/YamatoAppContracts" */,
				A68BCE7A2F43010800A13110 /* XCLocalSwiftPackageReference "../../../../../Desktop/YamatoOperationFeature" */,
			);
			preferredProjectObjectVersion = 77;
			productRefGroup = A64898B92F1E2F620046550E /* Products */;
			projectDirPath = "";
			projectRoot = "";
			targets = (
				A64898B72F1E2F620046550E /* ZoomPanDrawingPlaygound */,
			);
		};
/* End PBXProject section */

/* Begin PBXResourcesBuildPhase section */
		A64898B62F1E2F620046550E /* Resources */ = {
			isa = PBXResourcesBuildPhase;
			buildActionMask = 2147483647;
			files = (
			);
			runOnlyForDeploymentPostprocessing = 0;
		};
/* End PBXResourcesBuildPhase section */

/* Begin PBXSourcesBuildPhase section */
		A64898B42F1E2F620046550E /* Sources */ = {
			isa = PBXSourcesBuildPhase;
			buildActionMask = 2147483647;
			files = (
			);
			runOnlyForDeploymentPostprocessing = 0;
		};
/* End PBXSourcesBuildPhase section */

/* Begin XCBuildConfiguration section */
		A64898C12F1E2F640046550E /* Debug */ = {
			isa = XCBuildConfiguration;
			buildSettings = {
				ALWAYS_SEARCH_USER_PATHS = NO;
				ASSETCATALOG_COMPILER_GENERATE_SWIFT_ASSET_SYMBOL_EXTENSIONS = YES;
				CLANG_ANALYZER_NONNULL = YES;
				CLANG_ANALYZER_NUMBER_OBJECT_CONVERSION = YES_AGGRESSIVE;
				CLANG_CXX_LANGUAGE_STANDARD = "gnu++20";
				CLANG_ENABLE_MODULES = YES;
				CLANG_ENABLE_OBJC_ARC = YES;
				CLANG_ENABLE_OBJC_WEAK = YES;
				CLANG_WARN_BLOCK_CAPTURE_AUTORELEASING = YES;
				CLANG_WARN_BOOL_CONVERSION = YES;
				CLANG_WARN_COMMA = YES;
				CLANG_WARN_CONSTANT_CONVERSION = YES;
				CLANG_WARN_DEPRECATED_OBJC_IMPLEMENTATIONS = YES;
				CLANG_WARN_DIRECT_OBJC_ISA_USAGE = YES_ERROR;
				CLANG_WARN_DOCUMENTATION_COMMENTS = YES;
				CLANG_WARN_EMPTY_BODY = YES;
				CLANG_WARN_ENUM_CONVERSION = YES;
				CLANG_WARN_INFINITE_RECURSION = YES;
				CLANG_WARN_INT_CONVERSION = YES;
				CLANG_WARN_NON_LITERAL_NULL_CONVERSION = YES;
				CLANG_WARN_OBJC_IMPLICIT_RETAIN_SELF = YES;
				CLANG_WARN_OBJC_LITERAL_CONVERSION = YES;
				CLANG_WARN_OBJC_ROOT_CLASS = YES_ERROR;
				CLANG_WARN_QUOTED_INCLUDE_IN_FRAMEWORK_HEADER = YES;
				CLANG_WARN_RANGE_LOOP_ANALYSIS = YES;
				CLANG_WARN_STRICT_PROTOTYPES = YES;
				CLANG_WARN_SUSPICIOUS_MOVE = YES;
				CLANG_WARN_UNGUARDED_AVAILABILITY = YES_AGGRESSIVE;
				CLANG_WARN_UNREACHABLE_CODE = YES;
				CLANG_WARN__DUPLICATE_METHOD_MATCH = YES;
				COPY_PHASE_STRIP = NO;
				DEBUG_INFORMATION_FORMAT = dwarf;
				DEVELOPMENT_TEAM = C6BAJ38C74;
				ENABLE_STRICT_OBJC_MSGSEND = YES;
				ENABLE_TESTABILITY = YES;
				ENABLE_USER_SCRIPT_SANDBOXING = YES;
				GCC_C_LANGUAGE_STANDARD = gnu17;
				GCC_DYNAMIC_NO_PIC = NO;
				GCC_NO_COMMON_BLOCKS = YES;
				GCC_OPTIMIZATION_LEVEL = 0;
				GCC_PREPROCESSOR_DEFINITIONS = (
					"DEBUG=1",
					"$(inherited)",
				);
				GCC_WARN_64_TO_32_BIT_CONVERSION = YES;
				GCC_WARN_ABOUT_RETURN_TYPE = YES_ERROR;
				GCC_WARN_UNDECLARED_SELECTOR = YES;
				GCC_WARN_UNINITIALIZED_AUTOS = YES_AGGRESSIVE;
				GCC_WARN_UNUSED_FUNCTION = YES;
				GCC_WARN_UNUSED_VARIABLE = YES;
				IPHONEOS_DEPLOYMENT_TARGET = 26.2;
				LOCALIZATION_PREFERS_STRING_CATALOGS = YES;
				MTL_ENABLE_DEBUG_INFO = INCLUDE_SOURCE;
				MTL_FAST_MATH = YES;
				ONLY_ACTIVE_ARCH = YES;
				SDKROOT = iphoneos;
				SWIFT_ACTIVE_COMPILATION_CONDITIONS = "DEBUG $(inherited)";
				SWIFT_OPTIMIZATION_LEVEL = "-Onone";
			};
			name = Debug;
		};
		A64898C22F1E2F640046550E /* Release */ = {
			isa = XCBuildConfiguration;
			buildSettings = {
				ALWAYS_SEARCH_USER_PATHS = NO;
				ASSETCATALOG_COMPILER_GENERATE_SWIFT_ASSET_SYMBOL_EXTENSIONS = YES;
				CLANG_ANALYZER_NONNULL = YES;
				CLANG_ANALYZER_NUMBER_OBJECT_CONVERSION = YES_AGGRESSIVE;
				CLANG_CXX_LANGUAGE_STANDARD = "gnu++20";
				CLANG_ENABLE_MODULES = YES;
				CLANG_ENABLE_OBJC_ARC = YES;
				CLANG_ENABLE_OBJC_WEAK = YES;
				CLANG_WARN_BLOCK_CAPTURE_AUTORELEASING = YES;
				CLANG_WARN_BOOL_CONVERSION = YES;
				CLANG_WARN_COMMA = YES;
				CLANG_WARN_CONSTANT_CONVERSION = YES;
				CLANG_WARN_DEPRECATED_OBJC_IMPLEMENTATIONS = YES;
				CLANG_WARN_DIRECT_OBJC_ISA_USAGE = YES_ERROR;
				CLANG_WARN_DOCUMENTATION_COMMENTS = YES;
				CLANG_WARN_EMPTY_BODY = YES;
				CLANG_WARN_ENUM_CONVERSION = YES;
				CLANG_WARN_INFINITE_RECURSION = YES;
				CLANG_WARN_INT_CONVERSION = YES;
				CLANG_WARN_NON_LITERAL_NULL_CONVERSION = YES;
				CLANG_WARN_OBJC_IMPLICIT_RETAIN_SELF = YES;
				CLANG_WARN_OBJC_LITERAL_CONVERSION = YES;
				CLANG_WARN_OBJC_ROOT_CLASS = YES_ERROR;
				CLANG_WARN_QUOTED_INCLUDE_IN_FRAMEWORK_HEADER = YES;
				CLANG_WARN_RANGE_LOOP_ANALYSIS = YES;
				CLANG_WARN_STRICT_PROTOTYPES = YES;
				CLANG_WARN_SUSPICIOUS_MOVE = YES;
				CLANG_WARN_UNGUARDED_AVAILABILITY = YES_AGGRESSIVE;
				CLANG_WARN_UNREACHABLE_CODE = YES;
				CLANG_WARN__DUPLICATE_METHOD_MATCH = YES;
				COPY_PHASE_STRIP = NO;
				DEBUG_INFORMATION_FORMAT = "dwarf-with-dsym";
				DEVELOPMENT_TEAM = C6BAJ38C74;
				ENABLE_NS_ASSERTIONS = NO;
				ENABLE_STRICT_OBJC_MSGSEND = YES;
				ENABLE_USER_SCRIPT_SANDBOXING = YES;
				GCC_C_LANGUAGE_STANDARD = gnu17;
				GCC_NO_COMMON_BLOCKS = YES;
				GCC_WARN_64_TO_32_BIT_CONVERSION = YES;
				GCC_WARN_ABOUT_RETURN_TYPE = YES_ERROR;
				GCC_WARN_UNDECLARED_SELECTOR = YES;
				GCC_WARN_UNINITIALIZED_AUTOS = YES_AGGRESSIVE;
				GCC_WARN_UNUSED_FUNCTION = YES;
				GCC_WARN_UNUSED_VARIABLE = YES;
				IPHONEOS_DEPLOYMENT_TARGET = 26.2;
				LOCALIZATION_PREFERS_STRING_CATALOGS = YES;
				MTL_ENABLE_DEBUG_INFO = NO;
				MTL_FAST_MATH = YES;
				SDKROOT = iphoneos;
				SWIFT_COMPILATION_MODE = wholemodule;
				VALIDATE_PRODUCT = YES;
			};
			name = Release;
		};
		A64898C42F1E2F640046550E /* Debug */ = {
			isa = XCBuildConfiguration;
			buildSettings = {
				ASSETCATALOG_COMPILER_APPICON_NAME = AppIcon;
				ASSETCATALOG_COMPILER_GLOBAL_ACCENT_COLOR_NAME = AccentColor;
				CODE_SIGN_STYLE = Automatic;
				CURRENT_PROJECT_VERSION = 1;
				DEVELOPMENT_TEAM = C6BAJ38C74;
				ENABLE_PREVIEWS = YES;
				GENERATE_INFOPLIST_FILE = YES;
				INFOPLIST_KEY_NSCameraUsageDescription = "使わせてクレメンス";
				INFOPLIST_KEY_NSPhotoLibraryUsageDescription = "テスト保存用";
				INFOPLIST_KEY_UIApplicationSceneManifest_Generation = YES;
				INFOPLIST_KEY_UIApplicationSupportsIndirectInputEvents = YES;
				INFOPLIST_KEY_UILaunchScreen_Generation = YES;
				INFOPLIST_KEY_UISupportedInterfaceOrientations_iPad = "UIInterfaceOrientationPortrait UIInterfaceOrientationPortraitUpsideDown UIInterfaceOrientationLandscapeLeft UIInterfaceOrientationLandscapeRight";
				INFOPLIST_KEY_UISupportedInterfaceOrientations_iPhone = "UIInterfaceOrientationPortrait UIInterfaceOrientationLandscapeLeft UIInterfaceOrientationLandscapeRight";
				IPHONEOS_DEPLOYMENT_TARGET = 26.0;
				LD_RUNPATH_SEARCH_PATHS = (
					"$(inherited)",
					"@executable_path/Frameworks",
				);
				MARKETING_VERSION = 1.0;
				PRODUCT_BUNDLE_IDENTIFIER = com.djima.ZoomPanDrawingPlaygound;
				PRODUCT_NAME = "$(TARGET_NAME)";
				STRING_CATALOG_GENERATE_SYMBOLS = YES;
				SWIFT_APPROACHABLE_CONCURRENCY = YES;
				SWIFT_DEFAULT_ACTOR_ISOLATION = MainActor;
				SWIFT_EMIT_LOC_STRINGS = YES;
				SWIFT_UPCOMING_FEATURE_MEMBER_IMPORT_VISIBILITY = YES;
				SWIFT_VERSION = 5.0;
				TARGETED_DEVICE_FAMILY = "1,2";
			};
			name = Debug;
		};
		A64898C52F1E2F640046550E /* Release */ = {
			isa = XCBuildConfiguration;
			buildSettings = {
				ASSETCATALOG_COMPILER_APPICON_NAME = AppIcon;
				ASSETCATALOG_COMPILER_GLOBAL_ACCENT_COLOR_NAME = AccentColor;
				CODE_SIGN_STYLE = Automatic;
				CURRENT_PROJECT_VERSION = 1;
				DEVELOPMENT_TEAM = C6BAJ38C74;
				ENABLE_PREVIEWS = YES;
				GENERATE_INFOPLIST_FILE = YES;
				INFOPLIST_KEY_NSCameraUsageDescription = "使わせてクレメンス";
				INFOPLIST_KEY_NSPhotoLibraryUsageDescription = "テスト保存用";
				INFOPLIST_KEY_UIApplicationSceneManifest_Generation = YES;
				INFOPLIST_KEY_UIApplicationSupportsIndirectInputEvents = YES;
				INFOPLIST_KEY_UILaunchScreen_Generation = YES;
				INFOPLIST_KEY_UISupportedInterfaceOrientations_iPad = "UIInterfaceOrientationPortrait UIInterfaceOrientationPortraitUpsideDown UIInterfaceOrientationLandscapeLeft UIInterfaceOrientationLandscapeRight";
				INFOPLIST_KEY_UISupportedInterfaceOrientations_iPhone = "UIInterfaceOrientationPortrait UIInterfaceOrientationLandscapeLeft UIInterfaceOrientationLandscapeRight";
				IPHONEOS_DEPLOYMENT_TARGET = 26.0;
				LD_RUNPATH_SEARCH_PATHS = (
					"$(inherited)",
					"@executable_path/Frameworks",
				);
				MARKETING_VERSION = 1.0;
				PRODUCT_BUNDLE_IDENTIFIER = com.djima.ZoomPanDrawingPlaygound;
				PRODUCT_NAME = "$(TARGET_NAME)";
				STRING_CATALOG_GENERATE_SYMBOLS = YES;
				SWIFT_APPROACHABLE_CONCURRENCY = YES;
				SWIFT_DEFAULT_ACTOR_ISOLATION = MainActor;
				SWIFT_EMIT_LOC_STRINGS = YES;
				SWIFT_UPCOMING_FEATURE_MEMBER_IMPORT_VISIBILITY = YES;
				SWIFT_VERSION = 5.0;
				TARGETED_DEVICE_FAMILY = "1,2";
			};
			name = Release;
		};
/* End XCBuildConfiguration section */

/* Begin XCConfigurationList section */
		A64898B32F1E2F620046550E /* Build configuration list for PBXProject "ZoomPanDrawingPlaygound" */ = {
			isa = XCConfigurationList;
			buildConfigurations = (
				A64898C12F1E2F640046550E /* Debug */,
				A64898C22F1E2F640046550E /* Release */,
			);
			defaultConfigurationIsVisible = 0;
			defaultConfigurationName = Release;
		};
		A64898C32F1E2F640046550E /* Build configuration list for PBXNativeTarget "ZoomPanDrawingPlaygound" */ = {
			isa = XCConfigurationList;
			buildConfigurations = (
				A64898C42F1E2F640046550E /* Debug */,
				A64898C52F1E2F640046550E /* Release */,
			);
			defaultConfigurationIsVisible = 0;
			defaultConfigurationName = Release;
		};
/* End XCConfigurationList section */

/* Begin XCLocalSwiftPackageReference section */
		A68BCA942F3DF39400A13110 /* XCLocalSwiftPackageReference "../../../../../Desktop/DrawingKit" */ = {
			isa = XCLocalSwiftPackageReference;
			relativePath = ../../../../../Desktop/DrawingKit;
		};
		A68BCAF02F3DFA1500A13110 /* XCLocalSwiftPackageReference "../../../../../Desktop/YamatoAPIKit" */ = {
			isa = XCLocalSwiftPackageReference;
			relativePath = ../../../../../Desktop/YamatoAPIKit;
		};
		A68BCC2B2F41ACC000A13110 /* XCLocalSwiftPackageReference "../../../../../Desktop/YamatoScannerFeature" */ = {
			isa = XCLocalSwiftPackageReference;
			relativePath = ../../../../../Desktop/YamatoScannerFeature;
		};
		A68BCD972F42C89E00A13110 /* XCLocalSwiftPackageReference "../../../../../Desktop/YamatoAppContracts" */ = {
			isa = XCLocalSwiftPackageReference;
			relativePath = ../../../../../Desktop/YamatoAppContracts;
		};
		A68BCE7A2F43010800A13110 /* XCLocalSwiftPackageReference "../../../../../Desktop/YamatoOperationFeature" */ = {
			isa = XCLocalSwiftPackageReference;
			relativePath = ../../../../../Desktop/YamatoOperationFeature;
		};
/* End XCLocalSwiftPackageReference section */

/* Begin XCSwiftPackageProductDependency section */
		A64898E72F1E307C0046550E /* DrawingKit */ = {
			isa = XCSwiftPackageProductDependency;
			productName = DrawingKit;
		};
		A68BCA952F3DF39400A13110 /* DrawingKit */ = {
			isa = XCSwiftPackageProductDependency;
			productName = DrawingKit;
		};
		A68BCAF12F3DFA1500A13110 /* YamatoAPIKit */ = {
			isa = XCSwiftPackageProductDependency;
			productName = YamatoAPIKit;
		};
		A68BCAF42F3DFF6500A13110 /* YamatoAppContracts */ = {
			isa = XCSwiftPackageProductDependency;
			productName = YamatoAppContracts;
		};
		A68BCC2C2F41ACC000A13110 /* YamatoScannerFeature */ = {
			isa = XCSwiftPackageProductDependency;
			productName = YamatoScannerFeature;
		};
		A68BCD982F42C89E00A13110 /* YamatoAppContracts */ = {
			isa = XCSwiftPackageProductDependency;
			productName = YamatoAppContracts;
		};
		A68BCE7B2F43010800A13110 /* YamatoOperationFeature */ = {
			isa = XCSwiftPackageProductDependency;
			productName = YamatoOperationFeature;
		};
/* End XCSwiftPackageProductDependency section */
	};
	rootObject = A64898B02F1E2F620046550E /* Project object */;
}
